
Microsoft Visual Studio Solution File, Format Version 12.00
# Visual Studio Version 17
VisualStudioVersion = 17.11.35312.102
MinimumVisualStudioVersion = 10.0.40219.1
Project("{FAE04EC0-301F-11D3-BF4B-00C04F79EFBC}") = "LibraryManagement.API", "LibraryManagement.API\LibraryManagement.API.csproj", "{26C3CCCA-8332-4A7D-9521-C4E7B3B55E21}"
EndProject
Project("{FAE04EC0-301F-11D3-BF4B-00C04F79EFBC}") = "LibraryManagement.Data", "LibraryManagement.Data\LibraryManagement.Data.csproj", "{D5855BF0-343B-41A8-A24C-746F07324089}"
EndProject
Project("{FAE04EC0-301F-11D3-BF4B-00C04F79EFBC}") = "LibraryManagement.Service", "LibraryManagement.Service\LibraryManagement.Service.csproj", "{676F24BA-173A-43E6-A63F-F97E3C7FC077}"
EndProject
Global
	GlobalSection(SolutionConfigurationPlatforms) = preSolution
		Debug|Any CPU = Debug|Any CPU
		Release|Any CPU = Release|Any CPU
	EndGlobalSection
	GlobalSection(ProjectConfigurationPlatforms) = postSolution
		{26C3CCCA-8332-4A7D-9521-C4E7B3B55E21}.Debug|Any CPU.ActiveCfg = Debug|Any CPU
		{26C3CCCA-8332-4A7D-9521-C4E7B3B55E21}.Debug|Any CPU.Build.0 = Debug|Any CPU
		{26C3CCCA-8332-4A7D-9521-C4E7B3B55E21}.Release|Any CPU.ActiveCfg = Release|Any CPU
		{26C3CCCA-8332-4A7D-9521-C4E7B3B55E21}.Release|Any CPU.Build.0 = Release|Any CPU
		{D5855BF0-343B-41A8-A24C-746F07324089}.Debug|Any CPU.ActiveCfg = Debug|Any CPU
		{D5855BF0-343B-41A8-A24C-746F07324089}.Debug|Any CPU.Build.0 = Debug|Any CPU
		{D5855BF0-343B-41A8-A24C-746F07324089}.Release|Any CPU.ActiveCfg = Release|Any CPU
		{D5855BF0-343B-41A8-A24C-746F07324089}.Release|Any CPU.Build.0 = Release|Any CPU
		{676F24BA-173A-43E6-A63F-F97E3C7FC077}.Debug|Any CPU.ActiveCfg = Debug|Any CPU
		{676F24BA-173A-43E6-A63F-F97E3C7FC077}.Debug|Any CPU.Build.0 = Debug|Any CPU
		{676F24BA-173A-43E6-A63F-F97E3C7FC077}.Release|Any CPU.ActiveCfg = Release|Any CPU
		{676F24BA-173A-43E6-A63F-F97E3C7FC077}.Release|Any CPU.Build.0 = Release|Any CPU
	EndGlobalSection
	GlobalSection(SolutionProperties) = preSolution
		HideSolutionNode = FALSE
	EndGlobalSection
	GlobalSection(ExtensibilityGlobals) = postSolution
		SolutionGuid = {0D1EC3AC-047E-44AE-8A27-ADABF2F8D910}
	EndGlobalSection
EndGlobal
